
Microsoft Visual Studio Solution File, Format Version 12.00
# Visual Studio 15
VisualStudioVersion = 15.0.28307.438
MinimumVisualStudioVersion = 10.0.40219.1
Project("{FAE04EC0-301F-11D3-BF4B-00C04F79EFBC}") = "QRcreate", "QRcreate\QRcreate.csproj", "{6E984D8B-77B4-47C6-8E62-97F9A62002E9}"
EndProject
Global
	GlobalSection(SolutionConfigurationPlatforms) = preSolution
		Debug|Any CPU = Debug|Any CPU
		Release|Any CPU = Release|Any CPU
	EndGlobalSection
	GlobalSection(ProjectConfigurationPlatforms) = postSolution
		{6E984D8B-77B4-47C6-8E62-97F9A62002E9}.Debug|Any CPU.ActiveCfg = Debug|Any CPU
		{6E984D8B-77B4-47C6-8E62-97F9A62002E9}.Debug|Any CPU.Build.0 = Debug|Any CPU
		{6E984D8B-77B4-47C6-8E62-97F9A62002E9}.Release|Any CPU.ActiveCfg = Release|Any CPU
		{6E984D8B-77B4-47C6-8E62-97F9A62002E9}.Release|Any CPU.Build.0 = Release|Any CPU
	EndGlobalSection
	GlobalSection(SolutionProperties) = preSolution
		HideSolutionNode = FALSE
	EndGlobalSection
	GlobalSection(ExtensibilityGlobals) = postSolution
		SolutionGuid = {E21A39FC-7CB6-44BB-8B0E-30C04AA7AE95}
	EndGlobalSection
EndGlobal
